
Microsoft Visual Studio Solution File, Format Version 12.00
# Visual Studio Version 17
VisualStudioVersion = 17.14.36121.58
MinimumVisualStudioVersion = 10.0.40219.1
Project("{FAE04EC0-301F-11D3-BF4B-00C04F79EFBC}") = "API", "API\API.csproj", "{B3ED4AEE-4515-4962-BBA8-1BBD3918B84B}"
EndProject
Project("{FAE04EC0-301F-11D3-BF4B-00C04F79EFBC}") = "metiers", "metiers\metiers.csproj", "{FBECEF67-479C-4C26-B2C4-3EE9C2348040}"
EndProject
Project("{FAE04EC0-301F-11D3-BF4B-00C04F79EFBC}") = "Front", "Front\Front.csproj", "{C3D0E650-E673-4E89-A1F3-CA12CC0D616D}"
EndProject
Project("{FAE04EC0-301F-11D3-BF4B-00C04F79EFBC}") = "LibraryManager.Tests", "LibraryManager\LibraryManager.Tests.csproj", "{D0D5E78F-62D6-428F-A05E-91FC2877191D}"
EndProject
Global
	GlobalSection(SolutionConfigurationPlatforms) = preSolution
		Debug|Any CPU = Debug|Any CPU
		Release|Any CPU = Release|Any CPU
	EndGlobalSection
	GlobalSection(ProjectConfigurationPlatforms) = postSolution
		{B3ED4AEE-4515-4962-BBA8-1BBD3918B84B}.Debug|Any CPU.ActiveCfg = Debug|Any CPU
		{B3ED4AEE-4515-4962-BBA8-1BBD3918B84B}.Debug|Any CPU.Build.0 = Debug|Any CPU
		{B3ED4AEE-4515-4962-BBA8-1BBD3918B84B}.Release|Any CPU.ActiveCfg = Release|Any CPU
		{B3ED4AEE-4515-4962-BBA8-1BBD3918B84B}.Release|Any CPU.Build.0 = Release|Any CPU
		{FBECEF67-479C-4C26-B2C4-3EE9C2348040}.Debug|Any CPU.ActiveCfg = Debug|Any CPU
		{FBECEF67-479C-4C26-B2C4-3EE9C2348040}.Debug|Any CPU.Build.0 = Debug|Any CPU
		{FBECEF67-479C-4C26-B2C4-3EE9C2348040}.Release|Any CPU.ActiveCfg = Release|Any CPU
		{FBECEF67-479C-4C26-B2C4-3EE9C2348040}.Release|Any CPU.Build.0 = Release|Any CPU
		{C3D0E650-E673-4E89-A1F3-CA12CC0D616D}.Debug|Any CPU.ActiveCfg = Debug|Any CPU
		{C3D0E650-E673-4E89-A1F3-CA12CC0D616D}.Debug|Any CPU.Build.0 = Debug|Any CPU
		{C3D0E650-E673-4E89-A1F3-CA12CC0D616D}.Release|Any CPU.ActiveCfg = Release|Any CPU
		{C3D0E650-E673-4E89-A1F3-CA12CC0D616D}.Release|Any CPU.Build.0 = Release|Any CPU
		{D0D5E78F-62D6-428F-A05E-91FC2877191D}.Debug|Any CPU.ActiveCfg = Debug|Any CPU
		{D0D5E78F-62D6-428F-A05E-91FC2877191D}.Debug|Any CPU.Build.0 = Debug|Any CPU
		{D0D5E78F-62D6-428F-A05E-91FC2877191D}.Release|Any CPU.ActiveCfg = Release|Any CPU
		{D0D5E78F-62D6-428F-A05E-91FC2877191D}.Release|Any CPU.Build.0 = Release|Any CPU
	EndGlobalSection
	GlobalSection(SolutionProperties) = preSolution
		HideSolutionNode = FALSE
	EndGlobalSection
	GlobalSection(ExtensibilityGlobals) = postSolution
		SolutionGuid = {EA8A9B08-F148-4FD8-B886-A836DCF4A5CE}
	EndGlobalSection
EndGlobal
